# THIS IS AN AUTOGENERATED FILE. DO NOT EDIT THIS FILE DIRECTLY.
assets/ajax-loader.gif:
  development: 2018-06-13T19:53:09+10:00   deca8b0ecd6974227d157b6d7068995d
  production: 2018-06-13T18:50:24+10:00   deca8b0ecd6974227d157b6d7068995d
assets/consistent_cart_addon.min.js:
  development: 2018-06-13T19:53:09+10:00   b8c182ff59f589368fa74771e560bb79
  production: 2018-06-14T19:41:28+10:00   f74567a15062cdf22eede713db245de6
assets/currency-flags-small.png:
  development: 2018-06-13T19:53:10+10:00   b3426b0214692d64910c1f2a329b6e0d
  production: 2018-06-13T18:50:25+10:00   b3426b0214692d64910c1f2a329b6e0d
assets/currency-flags.png:
  development: 2018-06-13T19:53:10+10:00   59d3e93fa0a48bdc2eecb0d6bed1e7b9
  production: 2018-06-13T18:50:25+10:00   59d3e93fa0a48bdc2eecb0d6bed1e7b9
assets/doubly.js:
  development: 2018-06-13T19:53:10+10:00   c61ff465f2482e798170056d4f2a859b
  production: 2018-06-14T17:33:34+10:00   c61ff465f2482e798170056d4f2a859b
assets/gift-card.js:
  development: 2018-06-13T19:53:10+10:00   c73df2ee57cc9eb577f7a1858063495d
  production: 2018-06-13T18:50:25+10:00   c73df2ee57cc9eb577f7a1858063495d
assets/gift-card.scss.liquid:
  development: 2018-06-13T19:53:10+10:00   647ae860a3a785081fa97f55b66cea83
  production: 2018-06-13T18:50:26+10:00   647ae860a3a785081fa97f55b66cea83
assets/ginit.js:
  development: 2018-06-13T19:53:10+10:00   e5d66bf2695e62d32acbe019920bc4a7
  production: 2018-06-13T18:50:26+10:00   e5d66bf2695e62d32acbe019920bc4a7
assets/ico-select.svg.liquid:
  development: 2018-06-13T19:53:11+10:00   28de0c672609528b7c55f6f47810784b
  production: 2018-06-13T18:50:26+10:00   28de0c672609528b7c55f6f47810784b
assets/lazysizes.js:
  development: 2018-06-13T19:53:11+10:00   a27b15d827d7a26f9fa58fb6b4f9d4b6
  production: 2018-06-13T18:50:26+10:00   a27b15d827d7a26f9fa58fb6b4f9d4b6
assets/match-media.min.js:
  development: 2018-06-13T19:53:11+10:00   d0bf06c458a236dcca39b3be8cf80ec5
  production: 2018-06-13T18:50:26+10:00   d0bf06c458a236dcca39b3be8cf80ec5
assets/password.js:
  development: 2018-06-13T19:53:11+10:00   d826da9cb223a44d53a0c34f457e92dc
  production: 2018-06-13T18:50:26+10:00   d826da9cb223a44d53a0c34f457e92dc
assets/theme.js:
  development: 2018-06-13T19:53:11+10:00   915e621698a51487a90e29e16cac5e7f
  production: 2018-06-13T19:20:42+10:00   915e621698a51487a90e29e16cac5e7f
assets/theme.scss.liquid:
  development: 2018-06-15T17:12:46+10:00   c3d9a113016063a9813d57345cb71dd3
  production: 2018-06-14T20:08:11+10:00   c563cfe2eaa803e638322c899ba62ff4
assets/vendor.js:
  development: 2018-06-13T19:53:12+10:00   cb7c4217c9b6feb844647b361accfe6c
  production: 2018-06-13T18:50:27+10:00   cb7c4217c9b6feb844647b361accfe6c
config/settings_data.json:
  development: 2018-06-14T16:18:24+10:00   07e29f54abf138ed4916d5691eec7f16
  production: 2018-06-15T12:29:29+10:00   8f9c24fefcfb86357a2789b5d7cf74cc
config/settings_schema.json:
  development: 2018-06-13T19:53:18+10:00   e4a0cfe0dc112d5372c98fc6aa5b7faf
  production: 2018-06-13T18:50:33+10:00   e4a0cfe0dc112d5372c98fc6aa5b7faf
layout/gift_card.liquid:
  development: 2018-06-13T19:53:12+10:00   c2ab8f6c193a2de520684b9cc14c09d0
  production: 2018-06-13T18:50:27+10:00   c2ab8f6c193a2de520684b9cc14c09d0
layout/password.liquid:
  development: 2018-06-13T19:53:12+10:00   6351674ea67c53e01643a5bea02f7d0a
  production: 2018-06-13T18:50:27+10:00   6351674ea67c53e01643a5bea02f7d0a
layout/theme.liquid:
  development: 2018-06-13T19:53:12+10:00   dddd586197a223d11f210a97393bc05a
  production: 2018-06-14T19:41:41+10:00   76810570e94aa2308ffb22989f09663b
locales/de.json:
  development: 2018-06-13T19:53:12+10:00   f5f3c8f1501ae024fa2c85793cc2b26f
  production: 2018-06-13T18:50:27+10:00   f5f3c8f1501ae024fa2c85793cc2b26f
locales/en.default.json:
  development: 2018-06-13T19:53:12+10:00   6cce2be926e297a8d81ac7f63cd1987d
  production: 2018-06-13T18:50:27+10:00   6cce2be926e297a8d81ac7f63cd1987d
locales/es.json:
  development: 2018-06-13T19:53:12+10:00   55ea5b3ef99220c30ae1bfcb1027df62
  production: 2018-06-13T18:50:27+10:00   55ea5b3ef99220c30ae1bfcb1027df62
locales/fr.json:
  development: 2018-06-13T19:53:12+10:00   f98c2a9a8c4aa0529fac51133f6db6e1
  production: 2018-06-13T18:50:27+10:00   f98c2a9a8c4aa0529fac51133f6db6e1
locales/it.json:
  development: 2018-06-13T19:53:12+10:00   ce2876e5ae57ada5db13588340f50543
  production: 2018-06-13T18:50:27+10:00   ce2876e5ae57ada5db13588340f50543
locales/ja.json:
  development: 2018-06-13T19:53:12+10:00   e5233a621bcd9e6212f3936ac59f3e1b
  production: 2018-06-13T18:50:27+10:00   e5233a621bcd9e6212f3936ac59f3e1b
locales/pt-BR.json:
  development: 2018-06-13T19:53:12+10:00   c904444e8669c5ce94e04605e854b67f
  production: 2018-06-13T18:50:27+10:00   c904444e8669c5ce94e04605e854b67f
locales/pt-PT.json:
  development: 2018-06-13T19:53:12+10:00   b227d112059d06bf296e5c47cca1d57a
  production: 2018-06-13T18:50:27+10:00   b227d112059d06bf296e5c47cca1d57a
sections/article-template.liquid:
  development: 2018-06-13T19:53:07+10:00   6850937aeb295fae74ca4dec2a6922bb
  production: 2018-06-13T18:50:22+10:00   6850937aeb295fae74ca4dec2a6922bb
sections/blog-template.liquid:
  development: 2018-06-14T17:15:23+10:00   9ee1c6a220c19990488fbca951ea6817
  production: 2018-06-14T17:33:41+10:00   9ee1c6a220c19990488fbca951ea6817
sections/cart-template.liquid:
  development: 2018-06-13T19:53:07+10:00   cfc27c9ef6a091c9bcef92dc39c8cc7a
  production: 2018-06-13T18:50:23+10:00   cfc27c9ef6a091c9bcef92dc39c8cc7a
sections/collection-list.liquid:
  development: 2018-06-13T19:53:07+10:00   5aec04a148ddd681f279f5d9c4154a56
  production: 2018-06-13T18:50:23+10:00   5aec04a148ddd681f279f5d9c4154a56
sections/collection-template.liquid:
  development: 2018-06-13T19:53:07+10:00   278bc9cb384c2cf7b74bdeee753ca9b7
  production: 2018-06-13T18:50:23+10:00   278bc9cb384c2cf7b74bdeee753ca9b7
sections/collection.liquid:
  development: 2018-06-13T19:53:07+10:00   ab199d01df7d417a45c81c0d31eb0023
  production: 2018-06-13T18:50:23+10:00   ab199d01df7d417a45c81c0d31eb0023
sections/custom-content.liquid:
  development: 2018-06-13T19:53:07+10:00   b9e4278eac0004789fcfb74a9039b003
  production: 2018-06-13T18:50:23+10:00   b9e4278eac0004789fcfb74a9039b003
sections/feature-columns.liquid:
  development: 2018-06-13T19:53:08+10:00   7ee793287ae4e364423ed47d32ad34af
  production: 2018-06-13T18:50:23+10:00   7ee793287ae4e364423ed47d32ad34af
sections/feature-row.liquid:
  development: 2018-06-13T19:53:08+10:00   bde08223943123aaf565f941cabf86e4
  production: 2018-06-13T18:50:23+10:00   bde08223943123aaf565f941cabf86e4
sections/featured-blog.liquid:
  development: 2018-06-13T19:53:08+10:00   9a1edbe837a0e23ee0b4aa7e024db613
  production: 2018-06-13T18:50:23+10:00   9a1edbe837a0e23ee0b4aa7e024db613
sections/featured-product.liquid:
  development: 2018-06-13T19:53:08+10:00   9c2cd13b0e7e12c4468426c6119eb30e
  production: 2018-06-13T18:50:23+10:00   9c2cd13b0e7e12c4468426c6119eb30e
sections/footer.liquid:
  development: 2018-06-13T19:53:08+10:00   d8d5f36c141689006bdd59d0b6d04750
  production: 2018-06-13T18:50:23+10:00   d8d5f36c141689006bdd59d0b6d04750
sections/header.liquid:
  development: 2018-06-13T19:53:08+10:00   838e8378dea053a4a31311ac749e2562
  production: 2018-06-13T18:53:19+10:00   838e8378dea053a4a31311ac749e2562
sections/hero.liquid:
  development: 2018-06-13T19:53:08+10:00   b1dd0a5df5a859539e19b353161ec753
  production: 2018-06-13T18:50:23+10:00   b1dd0a5df5a859539e19b353161ec753
sections/home-entrance.liquid:
  development: 2018-06-13T19:53:08+10:00   c537faf8abd1eefab27ffd4817547b28
  production: 2018-06-13T18:50:23+10:00   c537faf8abd1eefab27ffd4817547b28
sections/image-bar.liquid:
  development: 2018-06-13T19:53:08+10:00   aa3e620e7da9659ad6c8a55ca2e596a8
  production: 2018-06-13T18:50:23+10:00   aa3e620e7da9659ad6c8a55ca2e596a8
sections/list-collections-template.liquid:
  development: 2018-06-13T19:53:08+10:00   3039da18483e52dcf6e6d354ac533cb6
  production: 2018-06-13T18:50:23+10:00   3039da18483e52dcf6e6d354ac533cb6
sections/logo-bar.liquid:
  development: 2018-06-13T19:53:08+10:00   be9fbe5af92667ee59e0b2198d02944c
  production: 2018-06-13T18:50:23+10:00   be9fbe5af92667ee59e0b2198d02944c
sections/map.liquid:
  development: 2018-06-13T19:53:08+10:00   e6bfab6213264f929e50e67ca23701b1
  production: 2018-06-13T18:50:23+10:00   e6bfab6213264f929e50e67ca23701b1
sections/newsletter.liquid:
  development: 2018-06-13T19:53:08+10:00   fab9886b46b64c659a3b8ae9d11645e4
  production: 2018-06-13T18:50:23+10:00   fab9886b46b64c659a3b8ae9d11645e4
sections/password-content.liquid:
  development: 2018-06-13T19:53:08+10:00   a3f9a878372b9cc4908dedc0257b9c0e
  production: 2018-06-13T18:50:23+10:00   a3f9a878372b9cc4908dedc0257b9c0e
sections/password-footer.liquid:
  development: 2018-06-13T19:53:08+10:00   0c543736abf1ace6be7207be17195203
  production: 2018-06-13T18:50:23+10:00   0c543736abf1ace6be7207be17195203
sections/password-header.liquid:
  development: 2018-06-13T19:53:08+10:00   96c731183fa1c3f2f87ca66501494897
  production: 2018-06-13T18:50:24+10:00   96c731183fa1c3f2f87ca66501494897
sections/product-template.liquid:
  development: 2018-06-15T17:10:14+10:00   d119cbb960409e5a2a331bada6387bc4
  production: 2018-06-15T17:18:16+10:00   d119cbb960409e5a2a331bada6387bc4
sections/quotes.liquid:
  development: 2018-06-13T19:53:08+10:00   fc0f86b401e3bfa1a51a34ea5bd89e30
  production: 2018-06-13T18:50:24+10:00   fc0f86b401e3bfa1a51a34ea5bd89e30
sections/rich-text.liquid:
  development: 2018-06-13T19:53:08+10:00   d25fb0e1575242ba565b129eff3dd1b8
  production: 2018-06-13T18:50:24+10:00   d25fb0e1575242ba565b129eff3dd1b8
sections/slideshow-banner.liquid:
  development: 2018-06-13T19:53:09+10:00   466d6b2783ea20c05c9f61badb2289d7
  production: 2018-06-13T18:50:24+10:00   466d6b2783ea20c05c9f61badb2289d7
sections/slideshow-cong.liquid:
  development: 2018-06-13T19:53:09+10:00   2b3c71b4cd36c9e0b7ae28cabb8e1255
  production: 2018-06-13T18:50:24+10:00   2b3c71b4cd36c9e0b7ae28cabb8e1255
sections/slideshow.liquid:
  development: 2018-06-13T19:53:09+10:00   b45e3880ca33f6ac6de7c2b5eb9dd40b
  production: 2018-06-13T18:50:24+10:00   b45e3880ca33f6ac6de7c2b5eb9dd40b
sections/swiper.liquid:
  development: 2018-06-13T19:53:09+10:00   24f4208f4548e5ac37aef8099d5513d4
  production: 2018-06-13T18:50:24+10:00   24f4208f4548e5ac37aef8099d5513d4
snippets/SEOManager-404.liquid:
  development: 2018-06-13T19:53:12+10:00   05abd18235c92cff14202db582ad04e2
  production: 2018-06-13T18:50:27+10:00   05abd18235c92cff14202db582ad04e2
snippets/SEOManager.liquid:
  development: 2018-06-13T19:53:12+10:00   de3a357fb1e8c2f85810363786618c7f
  production: 2018-06-13T18:50:27+10:00   de3a357fb1e8c2f85810363786618c7f
snippets/SEOMetaManager.liquid:
  development: 2018-06-13T19:53:12+10:00   63248d1bdd7cdcb0e8ba9bfd7ea6e95a
  production: 2018-06-13T18:50:27+10:00   63248d1bdd7cdcb0e8ba9bfd7ea6e95a
snippets/bgset.liquid:
  development: 2018-06-13T19:53:12+10:00   85889bbc39b57621f32fad66317366fc
  production: 2018-06-13T18:50:27+10:00   85889bbc39b57621f32fad66317366fc
snippets/bk-tracking.liquid:
  development: 2018-06-13T19:53:12+10:00   c26337fb952c3af298da1a95e6f35af7
  production: 2018-06-13T18:50:27+10:00   c26337fb952c3af298da1a95e6f35af7
snippets/booster-discounts.liquid:
  development: 2018-06-13T19:53:12+10:00   c7e3532dad013950d6c3f5808f4609b5
  production: 2018-06-13T18:50:27+10:00   c7e3532dad013950d6c3f5808f4609b5
snippets/collection-grid-item.liquid:
  development: 2018-06-13T19:53:12+10:00   1c4c0f32fbf0d06047666583485f553c
  production: 2018-06-13T18:50:28+10:00   1c4c0f32fbf0d06047666583485f553c
snippets/comment.liquid:
  development: 2018-06-13T19:53:13+10:00   50406c82467014e1bbe15a62685b2536
  production: 2018-06-13T18:50:28+10:00   50406c82467014e1bbe15a62685b2536
snippets/footer-newsletter.liquid:
  development: 2018-06-13T19:53:13+10:00   6596433d410155f6d316cc5d2e4a5926
  production: 2018-06-13T18:50:28+10:00   6596433d410155f6d316cc5d2e4a5926
snippets/google-fonts.liquid:
  development: 2018-06-13T19:53:13+10:00   377ddc183ac7882100f47299bb8e0467
  production: 2018-06-13T18:50:28+10:00   377ddc183ac7882100f47299bb8e0467
snippets/icon-amazon_payments.liquid:
  development: 2018-06-13T19:53:13+10:00   f1ad8ba26dd5b98117703ede5357e408
  production: 2018-06-13T18:50:28+10:00   f1ad8ba26dd5b98117703ede5357e408
snippets/icon-american_express.liquid:
  development: 2018-06-13T19:53:13+10:00   9da829decce6867b8de60a183c94d099
  production: 2018-06-13T18:50:28+10:00   9da829decce6867b8de60a183c94d099
snippets/icon-apple_pay.liquid:
  development: 2018-06-13T19:53:13+10:00   e82e7acc46479ea2173926f8fad55db0
  production: 2018-06-13T18:50:28+10:00   e82e7acc46479ea2173926f8fad55db0
snippets/icon-arrow-left.liquid:
  development: 2018-06-13T19:53:13+10:00   5abf8c4c69967103f685014dcc88a6e7
  production: 2018-06-13T18:50:28+10:00   5abf8c4c69967103f685014dcc88a6e7
snippets/icon-arrow-right.liquid:
  development: 2018-06-13T19:53:13+10:00   45f24673c43655e9275d1ba99d814374
  production: 2018-06-13T18:50:28+10:00   45f24673c43655e9275d1ba99d814374
snippets/icon-bitcoin.liquid:
  development: 2018-06-13T19:53:13+10:00   d8cb31e0401818c1cb852348b6f27420
  production: 2018-06-13T18:50:28+10:00   d8cb31e0401818c1cb852348b6f27420
snippets/icon-cart-cong.liquid:
  development: 2018-06-13T19:53:13+10:00   38929800fd532081d8d4986a7e5e9464
  production: 2018-06-13T18:50:28+10:00   38929800fd532081d8d4986a7e5e9464
snippets/icon-cart-remove.liquid:
  development: 2018-06-13T19:53:13+10:00   49f9d02e4858ef471e384e3cd1538389
  production: 2018-06-13T18:50:28+10:00   49f9d02e4858ef471e384e3cd1538389
snippets/icon-cart.liquid:
  development: 2018-06-13T19:53:13+10:00   c9de61c7db365e0090f7ca5423b633e6
  production: 2018-06-13T18:50:28+10:00   c9de61c7db365e0090f7ca5423b633e6
snippets/icon-chevron-down.liquid:
  development: 2018-06-13T19:53:13+10:00   7d3a8cd08370aa9d2a88ae542446a181
  production: 2018-06-13T18:50:28+10:00   7d3a8cd08370aa9d2a88ae542446a181
snippets/icon-chevron-left.liquid:
  development: 2018-06-13T19:53:13+10:00   6290d56c32e8ac47abe4a4f4d90ed032
  production: 2018-06-13T18:50:28+10:00   6290d56c32e8ac47abe4a4f4d90ed032
snippets/icon-chevron-right.liquid:
  development: 2018-06-13T19:53:13+10:00   41842e53e7b826a0d260e2ccffbfdab1
  production: 2018-06-13T18:50:28+10:00   41842e53e7b826a0d260e2ccffbfdab1
snippets/icon-chevron-up.liquid:
  development: 2018-06-13T19:53:13+10:00   4df1e02c8789418fc53d48e2913daf49
  production: 2018-06-13T18:50:28+10:00   4df1e02c8789418fc53d48e2913daf49
snippets/icon-cirrus.liquid:
  development: 2018-06-13T19:53:13+10:00   fcbd6ce7e38d7946c921c8ed6ad5ca71
  production: 2018-06-13T18:50:28+10:00   fcbd6ce7e38d7946c921c8ed6ad5ca71
snippets/icon-close.liquid:
  development: 2018-06-13T19:53:13+10:00   a04fce17a63e760b9bce76768ee29feb
  production: 2018-06-13T18:50:28+10:00   a04fce17a63e760b9bce76768ee29feb
snippets/icon-dankort.liquid:
  development: 2018-06-13T19:53:13+10:00   796e1e822b3e46784d303b48c9db5b29
  production: 2018-06-13T18:50:28+10:00   796e1e822b3e46784d303b48c9db5b29
snippets/icon-diners_club.liquid:
  development: 2018-06-13T19:53:13+10:00   cf70ea54486bb14c286264f90dab9ff8
  production: 2018-06-13T18:50:28+10:00   cf70ea54486bb14c286264f90dab9ff8
snippets/icon-discover.liquid:
  development: 2018-06-13T19:53:13+10:00   b43221b39bc3df37f7e6c7810d3e54d8
  production: 2018-06-13T18:50:28+10:00   b43221b39bc3df37f7e6c7810d3e54d8
snippets/icon-dogecoin.liquid:
  development: 2018-06-13T19:53:13+10:00   6a35f5db9eb93d1ed563c6989ff30798
  production: 2018-06-13T18:50:28+10:00   6a35f5db9eb93d1ed563c6989ff30798
snippets/icon-dwolla.liquid:
  development: 2018-06-13T19:53:13+10:00   aeb86f67aad84adaf7635d2043cb89a9
  production: 2018-06-13T18:50:28+10:00   aeb86f67aad84adaf7635d2043cb89a9
snippets/icon-facebook.liquid:
  development: 2018-06-13T19:53:13+10:00   334588042b292f2d7335fd2791c35eca
  production: 2018-06-13T18:50:28+10:00   334588042b292f2d7335fd2791c35eca
snippets/icon-forbrugsforeningen.liquid:
  development: 2018-06-13T19:53:13+10:00   ff962a94f23046340766c215b0f14a52
  production: 2018-06-13T18:50:28+10:00   ff962a94f23046340766c215b0f14a52
snippets/icon-hamburger-cong.liquid:
  development: 2018-06-13T19:53:13+10:00   ed64da8f36fad9a91c8818d188202e2d
  production: 2018-06-13T18:50:28+10:00   ed64da8f36fad9a91c8818d188202e2d
snippets/icon-hamburger.liquid:
  development: 2018-06-13T19:53:13+10:00   bb8e7889018c4796d5558c8878466d24
  production: 2018-06-13T18:50:29+10:00   bb8e7889018c4796d5558c8878466d24
snippets/icon-instagram.liquid:
  development: 2018-06-13T19:53:14+10:00   bf50214819f6e2a5f053593e2414526d
  production: 2018-06-13T18:50:29+10:00   bf50214819f6e2a5f053593e2414526d
snippets/icon-interac.liquid:
  development: 2018-06-13T19:53:14+10:00   24c4d22a98c0574c32fc02fe39e34b80
  production: 2018-06-13T18:50:29+10:00   24c4d22a98c0574c32fc02fe39e34b80
snippets/icon-jcb.liquid:
  development: 2018-06-13T19:53:14+10:00   275259ce80a1b368d0e5afcf7d6bb6f3
  production: 2018-06-13T18:50:29+10:00   275259ce80a1b368d0e5afcf7d6bb6f3
snippets/icon-laser.liquid:
  development: 2018-06-13T19:53:14+10:00   bd1a0ecfe958b6a6e84bf80e0669a6da
  production: 2018-06-13T18:50:29+10:00   bd1a0ecfe958b6a6e84bf80e0669a6da
snippets/icon-litecoin.liquid:
  development: 2018-06-13T19:53:14+10:00   051dfcb36fa17b532a087b12f0a49e0e
  production: 2018-06-13T18:50:29+10:00   051dfcb36fa17b532a087b12f0a49e0e
snippets/icon-lock.liquid:
  development: 2018-06-13T19:53:14+10:00   60ae7ba03d14efa582faed8855821a58
  production: 2018-06-13T18:50:29+10:00   60ae7ba03d14efa582faed8855821a58
snippets/icon-login.liquid:
  development: 2018-06-13T19:53:14+10:00   9a74bdaac402576390ca1dbdc9e7869c
  production: 2018-06-13T18:50:29+10:00   9a74bdaac402576390ca1dbdc9e7869c
snippets/icon-maestro.liquid:
  development: 2018-06-13T19:53:14+10:00   b987e558ecad607661489939ec8ca524
  production: 2018-06-13T18:50:29+10:00   b987e558ecad607661489939ec8ca524
snippets/icon-master.liquid:
  development: 2018-06-13T19:53:14+10:00   7be93970b63c2fd0e2b319a35c00a9d7
  production: 2018-06-13T18:50:29+10:00   7be93970b63c2fd0e2b319a35c00a9d7
snippets/icon-minus.liquid:
  development: 2018-06-13T19:53:14+10:00   78c513424d498299e865f8a242823ad0
  production: 2018-06-13T18:50:29+10:00   78c513424d498299e865f8a242823ad0
snippets/icon-pause.liquid:
  development: 2018-06-13T19:53:14+10:00   99e785a63af3ab0a7ccd9c5551ea8910
  production: 2018-06-13T18:50:29+10:00   99e785a63af3ab0a7ccd9c5551ea8910
snippets/icon-paypal.liquid:
  development: 2018-06-13T19:53:14+10:00   1b0d7db160b229b8519cccf2514ee676
  production: 2018-06-13T18:50:29+10:00   1b0d7db160b229b8519cccf2514ee676
snippets/icon-pin.liquid:
  development: 2018-06-13T19:53:14+10:00   694162388571d6142ec30bc299d8ac91
  production: 2018-06-13T18:50:29+10:00   694162388571d6142ec30bc299d8ac91
snippets/icon-pinterest.liquid:
  development: 2018-06-13T19:53:14+10:00   701f2a785b3fa83d63e3ab54af060031
  production: 2018-06-13T18:50:29+10:00   701f2a785b3fa83d63e3ab54af060031
snippets/icon-play-video.liquid:
  development: 2018-06-13T19:53:14+10:00   f0b736a271f33b83b319b2d04e61aa2b
  production: 2018-06-13T18:50:29+10:00   f0b736a271f33b83b319b2d04e61aa2b
snippets/icon-play.liquid:
  development: 2018-06-13T19:53:14+10:00   31ff2901a9fd0f32ebc4c05748e7aa5d
  production: 2018-06-13T18:50:29+10:00   31ff2901a9fd0f32ebc4c05748e7aa5d
snippets/icon-plus.liquid:
  development: 2018-06-13T19:53:14+10:00   ba5297f64eb7ea97f1785e8166e11231
  production: 2018-06-13T18:50:29+10:00   ba5297f64eb7ea97f1785e8166e11231
snippets/icon-quote.liquid:
  development: 2018-06-13T19:53:14+10:00   e710949f7a142dfc3c4fac15c33bb2fa
  production: 2018-06-13T18:50:29+10:00   e710949f7a142dfc3c4fac15c33bb2fa
snippets/icon-rss.liquid:
  development: 2018-06-13T19:53:14+10:00   6493d6bcb850513a55823d4ff62b0f8b
  production: 2018-06-13T18:50:29+10:00   6493d6bcb850513a55823d4ff62b0f8b
snippets/icon-search-cong.liquid:
  development: 2018-06-13T19:53:14+10:00   04d6ed372c79aabe3bf22ed4d0980507
  production: 2018-06-13T18:50:29+10:00   04d6ed372c79aabe3bf22ed4d0980507
snippets/icon-search.liquid:
  development: 2018-06-13T19:53:14+10:00   7a6bf8d43770ed3a16cb22001718b87e
  production: 2018-06-13T18:50:29+10:00   7a6bf8d43770ed3a16cb22001718b87e
snippets/icon-shopify-logo.liquid:
  development: 2018-06-13T19:53:14+10:00   3f0b70f9e01be5b25507d25a732ecde7
  production: 2018-06-13T18:50:29+10:00   3f0b70f9e01be5b25507d25a732ecde7
snippets/icon-snapchat.liquid:
  development: 2018-06-13T19:53:14+10:00   9ed6937e3232c9034976be2b8ed9f673
  production: 2018-06-13T18:50:29+10:00   9ed6937e3232c9034976be2b8ed9f673
snippets/icon-stripe.liquid:
  development: 2018-06-13T19:53:14+10:00   208713954dff9de98f800df59763615d
  production: 2018-06-13T18:50:29+10:00   208713954dff9de98f800df59763615d
snippets/icon-tumblr.liquid:
  development: 2018-06-13T19:53:14+10:00   d71a4ada77a8a9b6bd792bdafef393de
  production: 2018-06-13T18:50:29+10:00   d71a4ada77a8a9b6bd792bdafef393de
snippets/icon-twitter.liquid:
  development: 2018-06-13T19:53:14+10:00   24047c22697a23a0baabf2804adc6c11
  production: 2018-06-13T18:50:29+10:00   24047c22697a23a0baabf2804adc6c11
snippets/icon-vimeo.liquid:
  development: 2018-06-13T19:53:15+10:00   a229ed8a1a81e6ef95ad621f8a34efb6
  production: 2018-06-13T18:50:30+10:00   a229ed8a1a81e6ef95ad621f8a34efb6
snippets/icon-visa.liquid:
  development: 2018-06-13T19:53:15+10:00   9098533cd59e385d2672f6d8b7fa4b04
  production: 2018-06-13T18:50:30+10:00   9098533cd59e385d2672f6d8b7fa4b04
snippets/icon-youtube.liquid:
  development: 2018-06-13T19:53:15+10:00   9d72c5bc3eaa14a3e7aefd921881b1ae
  production: 2018-06-13T18:50:30+10:00   9d72c5bc3eaa14a3e7aefd921881b1ae
snippets/image-style.liquid:
  development: 2018-06-13T19:53:15+10:00   2d807ad1f4831d306d8e190b89d45c00
  production: 2018-06-13T18:50:30+10:00   2d807ad1f4831d306d8e190b89d45c00
snippets/jd__function.liquid:
  development: 2018-06-13T19:53:15+10:00   ef296d9224a85f40f2a5d01004d9f203
  production: 2018-06-13T18:50:30+10:00   ef296d9224a85f40f2a5d01004d9f203
snippets/json_decode.liquid:
  development: 2018-06-13T19:53:15+10:00   13c6bb7558c420648591015f834126fd
  production: 2018-06-13T18:50:30+10:00   13c6bb7558c420648591015f834126fd
snippets/json_decode_output.liquid:
  development: 2018-06-13T19:53:15+10:00   576195623ee3151d6916711fd2437055
  production: 2018-06-13T18:50:30+10:00   576195623ee3151d6916711fd2437055
snippets/no-blocks.liquid:
  development: 2018-06-13T19:53:15+10:00   0cb7d758b6df0feb07ae5804b4b627fa
  production: 2018-06-13T18:50:30+10:00   0cb7d758b6df0feb07ae5804b4b627fa
snippets/pagination.liquid:
  development: 2018-06-13T19:53:15+10:00   21eb22fbf93da5d96f2d111ce4784463
  production: 2018-06-13T18:50:30+10:00   21eb22fbf93da5d96f2d111ce4784463
snippets/product-card-grid-new-collection-page.liquid:
  development: 2018-06-13T19:53:15+10:00   86fb0600256173a7a2cf46396d649cd9
  production: 2018-06-13T18:50:30+10:00   86fb0600256173a7a2cf46396d649cd9
snippets/product-card-grid.liquid:
  development: 2018-06-13T19:53:15+10:00   82575554baa7ab637471501ed611e460
  production: 2018-06-13T18:50:30+10:00   82575554baa7ab637471501ed611e460
snippets/product-card-list.liquid:
  development: 2018-06-13T19:53:15+10:00   701fa6db04bd9c70283028cc4274fc2f
  production: 2018-06-13T18:50:30+10:00   701fa6db04bd9c70283028cc4274fc2f
snippets/product-description.liquid:
  development: 2018-06-15T16:55:58+10:00   91719f71e1c95a0ee68591caeda9199b
  production: 2018-06-13T18:50:30+10:00   91719f71e1c95a0ee68591caeda9199b
snippets/product-grid-more-colors.liquid:
  development: 2018-06-13T19:53:15+10:00   61195e74b1d49b15fc7cc59dabfa81d0
  production: 2018-06-13T18:50:30+10:00   61195e74b1d49b15fc7cc59dabfa81d0
snippets/product-grid-related-item.liquid:
  development: 2018-06-13T19:53:15+10:00   9dfa4599a4b245c64a91931d6b543b16
  production: 2018-06-13T18:50:30+10:00   9dfa4599a4b245c64a91931d6b543b16
snippets/product-price.liquid:
  development: 2018-06-13T19:53:15+10:00   df106c86b6f97a6e3ef85b1be672ae3b
  production: 2018-06-13T18:50:30+10:00   df106c86b6f97a6e3ef85b1be672ae3b
snippets/related-products.liquid:
  development: 2018-06-13T19:53:15+10:00   8400e31a814ed193a27ceef3f1a953af
  production: 2018-06-13T18:50:30+10:00   8400e31a814ed193a27ceef3f1a953af
snippets/search-form.liquid:
  development: 2018-06-13T19:53:15+10:00   f31320c7b0b3cdbf9936b2ade4237e6d
  production: 2018-06-13T18:50:30+10:00   f31320c7b0b3cdbf9936b2ade4237e6d
snippets/site-nav.liquid:
  development: 2018-06-13T19:53:15+10:00   21ef8e7ea67dd8caf4750062d0b63ce1
  production: 2018-06-13T18:54:10+10:00   21ef8e7ea67dd8caf4750062d0b63ce1
snippets/social-meta-tags.liquid:
  development: 2018-06-13T19:53:15+10:00   ae9e213401623b2601abf0ace8e21537
  production: 2018-06-13T18:50:30+10:00   ae9e213401623b2601abf0ace8e21537
snippets/social-sharing.liquid:
  development: 2018-06-13T19:53:15+10:00   60955545cf27dc88d2c41a20d0d18746
  production: 2018-06-13T18:50:30+10:00   60955545cf27dc88d2c41a20d0d18746
snippets/subcollection-bedroom-heavenly-decor-pillows.liquid:
  development: 2018-06-13T19:53:15+10:00   6b6b471d613d3e930c0df4ed3c03aa0b
  production: 2018-06-13T18:50:30+10:00   6b6b471d613d3e930c0df4ed3c03aa0b
snippets/subcollection-bedroom-the-cozy-layer.liquid:
  development: 2018-06-13T19:53:15+10:00   4e6904bb86a74e6d41f482bd3d045c04
  production: 2018-06-13T18:50:30+10:00   4e6904bb86a74e6d41f482bd3d045c04
snippets/subcollection-bedroom-the-curtain-call.liquid:
  development: 2018-06-13T19:53:15+10:00   e59bd6b433b66b9931a9df2dbfcdc656
  production: 2018-06-13T18:50:30+10:00   e59bd6b433b66b9931a9df2dbfcdc656
snippets/subcollection-bedroom-the-hotel-like-bedroom.liquid:
  development: 2018-06-13T19:53:15+10:00   5f9413965e3a9cb5949bb4c4147949e3
  production: 2018-06-13T18:50:30+10:00   5f9413965e3a9cb5949bb4c4147949e3
snippets/subcollection-bedroom-the-modern-groomer.liquid:
  development: 2018-06-13T19:53:15+10:00   c30b5ddae4ed2881697a9e848d3d28db
  production: 2018-06-13T18:50:30+10:00   c30b5ddae4ed2881697a9e848d3d28db
snippets/subcollection-bedroom-walking-on-the-clouds.liquid:
  development: 2018-06-14T19:55:13+10:00   8cee1eb8cef1a769fcb94316f3352a2e
  production: 2018-06-14T20:08:12+10:00   8cee1eb8cef1a769fcb94316f3352a2e
snippets/subcollection-bedroom-zen-home.liquid:
  development: 2018-06-13T19:53:16+10:00   f71f404540ff947133852e298323875f
  production: 2018-06-13T18:50:30+10:00   f71f404540ff947133852e298323875f
snippets/subcollection-clothing-mongolian-cashmere.liquid:
  development: 2018-06-13T19:53:16+10:00   faae1520229f73d519ea21325428b613
  production: 2018-06-13T18:50:31+10:00   faae1520229f73d519ea21325428b613
snippets/subcollection-clothing-mulberry-silk.liquid:
  development: 2018-06-13T19:53:16+10:00   c70dd13cf5779c5e9839dbda8858572b
  production: 2018-06-13T18:50:31+10:00   c70dd13cf5779c5e9839dbda8858572b
snippets/subcollection-clothing-spectacular-spectacles.liquid:
  development: 2018-06-13T19:53:16+10:00   8de58c49ae1a5d653b48cf1501973cfd
  production: 2018-06-13T18:50:31+10:00   8de58c49ae1a5d653b48cf1501973cfd
snippets/subcollection-clothing-the-good-inside.liquid:
  development: 2018-06-13T19:53:16+10:00   929d55f2939c601a850e8219f0d8a420
  production: 2018-06-13T18:50:31+10:00   929d55f2939c601a850e8219f0d8a420
snippets/subcollection-clothing-the-jet-set.liquid:
  development: 2018-06-13T19:53:16+10:00   4a5aab2f1ea18867984e26987d493e11
  production: 2018-06-13T18:50:31+10:00   4a5aab2f1ea18867984e26987d493e11
snippets/subcollection-clothing-the-to-go-pair.liquid:
  development: 2018-06-13T19:53:16+10:00   a4013bf83611beb807c2214a25825672
  production: 2018-06-13T18:50:31+10:00   a4013bf83611beb807c2214a25825672
snippets/subcollection-clothing-work-it-out.liquid:
  development: 2018-06-13T19:53:16+10:00   d11c306845a60cb2cb672af278f37f9b
  production: 2018-06-13T18:50:31+10:00   d11c306845a60cb2cb672af278f37f9b
snippets/subcollection-electronics-lights-on.liquid:
  development: 2018-06-13T19:53:16+10:00   a6919358d355eb414de9e63b23ffbd50
  production: 2018-06-13T18:50:31+10:00   a6919358d355eb414de9e63b23ffbd50
snippets/subcollection-kitchen-happiness-is-home-made.liquid:
  development: 2018-06-13T19:53:16+10:00   15797d8418b0c8a1144ec9e786188d16
  production: 2018-06-13T18:50:31+10:00   15797d8418b0c8a1144ec9e786188d16
snippets/subcollection-kitchen-heart-warming-kitchen.liquid:
  development: 2018-06-13T19:53:16+10:00   4c9e711eccbc40b2cfcac707fb1a7470
  production: 2018-06-13T18:50:31+10:00   4c9e711eccbc40b2cfcac707fb1a7470
snippets/subcollection-kitchen-keepem-brewing.liquid:
  development: 2018-06-13T19:53:16+10:00   d20ea8c5da18b62ddba51266b615f940
  production: 2018-06-13T18:50:31+10:00   d20ea8c5da18b62ddba51266b615f940
snippets/subcollection-kitchen-your-culinary-dreams-are-shining.liquid:
  development: 2018-06-13T19:53:16+10:00   707752d72d8963be11018bee5d765e3e
  production: 2018-06-13T18:50:31+10:00   707752d72d8963be11018bee5d765e3e
snippets/whatsapp-share.liquid:
  development: 2018-06-13T19:53:16+10:00   2e4e1673ceec9219fc159b7a704425e9
  production: 2018-06-13T18:50:31+10:00   2e4e1673ceec9219fc159b7a704425e9
snippets/ws-apply-fixed-discount.liquid:
  development: 2018-06-13T19:53:16+10:00   65834af03bd304bf597a8e835257bdde
  production: 2018-06-13T18:50:31+10:00   65834af03bd304bf597a8e835257bdde
snippets/ws-apply-percentage-discount.liquid:
  development: 2018-06-13T19:53:16+10:00   66f5db00bb870b47279c999b6499b3de
  production: 2018-06-13T18:50:31+10:00   66f5db00bb870b47279c999b6499b3de
snippets/ws-customer-discounts-string.liquid:
  development: 2018-06-13T19:53:16+10:00   25172c5b0d823c74058fa5643df10fef
  production: 2018-06-13T18:50:31+10:00   25172c5b0d823c74058fa5643df10fef
snippets/ws-pro-cart.liquid:
  development: 2018-06-13T19:53:16+10:00   d0121c48395ac0f35463bf36c516c3da
  production: 2018-06-13T18:50:31+10:00   d0121c48395ac0f35463bf36c516c3da
snippets/ws-pro-logger.liquid:
  development: 2018-06-13T19:53:16+10:00   3d88f4c15e9cd826f4e6e806fef8f3b0
  production: 2018-06-13T18:50:31+10:00   3d88f4c15e9cd826f4e6e806fef8f3b0
snippets/ws-pro-minimum-cart-amount.liquid:
  development: 2018-06-13T19:53:16+10:00   a74f8a35d7fef3eba98dae85585771f2
  production: 2018-06-13T18:50:31+10:00   a74f8a35d7fef3eba98dae85585771f2
snippets/ws-product-price-calculator.liquid:
  development: 2018-06-13T19:53:16+10:00   7c469aff569e84e79640ea362bc3021a
  production: 2018-06-13T18:50:31+10:00   7c469aff569e84e79640ea362bc3021a
templates/404.liquid:
  development: 2018-06-13T19:53:16+10:00   c7f293d5f7d5ae12138d2d20f0c61469
  production: 2018-06-13T18:50:31+10:00   c7f293d5f7d5ae12138d2d20f0c61469
templates/404.preSEOManager.liquid:
  development: 2018-06-13T19:53:16+10:00   805b16263cdf5c85be9c507ad6b03623
  production: 2018-06-13T18:50:31+10:00   805b16263cdf5c85be9c507ad6b03623
templates/article.liquid:
  development: 2018-06-13T19:53:16+10:00   ee81292ccbf409a609d95a6d1a89d94f
  production: 2018-06-13T18:50:31+10:00   ee81292ccbf409a609d95a6d1a89d94f
templates/blog.liquid:
  development: 2018-06-13T19:53:16+10:00   2d9763b480fe6879080163b1e0e33e54
  production: 2018-06-13T18:50:31+10:00   2d9763b480fe6879080163b1e0e33e54
templates/cart.liquid:
  development: 2018-06-13T19:53:17+10:00   714b4b7c62d583b231f339bbd1b85d03
  production: 2018-06-13T18:50:31+10:00   714b4b7c62d583b231f339bbd1b85d03
templates/collection.liquid:
  development: 2018-06-13T19:53:17+10:00   5db0256874fca1cc72a6f068888fe095
  production: 2018-06-13T18:50:31+10:00   5db0256874fca1cc72a6f068888fe095
templates/customers/account.liquid:
  development: 2018-06-13T19:53:17+10:00   2150e58e96e6435f4449d4a71b395aa6
  production: 2018-06-13T18:50:32+10:00   2150e58e96e6435f4449d4a71b395aa6
templates/customers/activate_account.liquid:
  development: 2018-06-13T19:53:17+10:00   857243216dbada72fb0fc9bc256da757
  production: 2018-06-13T18:50:32+10:00   857243216dbada72fb0fc9bc256da757
templates/customers/addresses.liquid:
  development: 2018-06-13T19:53:17+10:00   f430f4d7180c00a1e2c058124c26c0e9
  production: 2018-06-13T18:50:32+10:00   f430f4d7180c00a1e2c058124c26c0e9
templates/customers/login.liquid:
  development: 2018-06-13T19:53:17+10:00   28ed5c6acf621c8b4523bbc178f97955
  production: 2018-06-13T18:50:32+10:00   28ed5c6acf621c8b4523bbc178f97955
templates/customers/order.liquid:
  development: 2018-06-13T19:53:17+10:00   e6fc7179a5a3904781b3847d8ef8c0f7
  production: 2018-06-13T18:50:32+10:00   e6fc7179a5a3904781b3847d8ef8c0f7
templates/customers/register.liquid:
  development: 2018-06-13T19:53:17+10:00   fcf72eba28fe5737b6be507228b2f5fc
  production: 2018-06-13T18:50:32+10:00   fcf72eba28fe5737b6be507228b2f5fc
templates/customers/reset_password.liquid:
  development: 2018-06-13T19:53:17+10:00   e80703307e36b8b5dd428463bace82cc
  production: 2018-06-13T18:50:32+10:00   e80703307e36b8b5dd428463bace82cc
templates/gift_card.liquid:
  development: 2018-06-13T19:53:17+10:00   16c95e9922ddd30e37f0cf018e86597c
  production: 2018-06-13T18:50:32+10:00   16c95e9922ddd30e37f0cf018e86597c
templates/index.liquid:
  development: 2018-06-13T19:53:17+10:00   034564da719f1f503f71c6638210c15a
  production: 2018-06-13T18:50:32+10:00   034564da719f1f503f71c6638210c15a
templates/list-collections.liquid:
  development: 2018-06-13T19:53:17+10:00   d42f6d6957169811896f646709d353d9
  production: 2018-06-13T18:50:32+10:00   d42f6d6957169811896f646709d353d9
templates/page.contact.liquid:
  development: 2018-06-13T19:53:17+10:00   854f7fd02acf64bc9ce31bfd6994f791
  production: 2018-06-13T18:50:32+10:00   854f7fd02acf64bc9ce31bfd6994f791
templates/page.footer-info.liquid:
  development: 2018-06-13T19:53:17+10:00   d1f0dc8d81fc22b16214c5f7355ad591
  production: 2018-06-13T18:50:32+10:00   d1f0dc8d81fc22b16214c5f7355ad591
templates/page.home-entrance.liquid:
  development: 2018-06-13T19:53:17+10:00   d6abe76c93c1590220d7ef6a06688276
  production: 2018-06-13T18:50:32+10:00   d6abe76c93c1590220d7ef6a06688276
templates/page.liquid:
  development: 2018-06-13T19:53:17+10:00   7551f48a07e49911e032c4dea82638f8
  production: 2018-06-13T18:50:32+10:00   7551f48a07e49911e032c4dea82638f8
templates/page.our-story.liquid:
  development: 2018-06-13T19:53:17+10:00   96f1ac6e2f565899c502e5ae745738fe
  production: 2018-06-13T18:50:32+10:00   96f1ac6e2f565899c502e5ae745738fe
templates/page.pagefly.13356236842.liquid:
  development: 2018-06-13T19:53:17+10:00   3a84532ec53e920a03a57b0496ca4aa1
  production: 2018-06-13T18:50:32+10:00   3a84532ec53e920a03a57b0496ca4aa1
templates/page.pagefly.13357219882.liquid:
  development: 2018-06-13T19:53:17+10:00   42f0660d17e3b583b342bfd9c85630b4
  production: 2018-06-13T18:50:32+10:00   42f0660d17e3b583b342bfd9c85630b4
templates/page.pagefly.13357416490.liquid:
  development: 2018-06-13T19:53:17+10:00   39f9c9bcfdbbb69c1dca88cbf588c6c1
  production: 2018-06-13T18:50:32+10:00   39f9c9bcfdbbb69c1dca88cbf588c6c1
templates/page.pagefly.13964869674.liquid:
  development: 2018-06-13T19:53:17+10:00   40778cc815d3158be0ef8bf2df7ec6ee
  production: 2018-06-13T18:50:32+10:00   40778cc815d3158be0ef8bf2df7ec6ee
templates/page.pagefly.14219444266.liquid:
  development: 2018-06-13T19:53:17+10:00   864309e96127f85182ef2292a4e7cf93
  production: 2018-06-13T18:50:32+10:00   864309e96127f85182ef2292a4e7cf93
templates/page.sub-collection-bedroom.liquid:
  development: 2018-06-14T19:51:02+10:00   aace04c9f0604895ac38c6a88aa62359
  production: 2018-06-14T20:08:11+10:00   aace04c9f0604895ac38c6a88aa62359
templates/page.sub-collection-clothing.liquid:
  development: 2018-06-13T19:53:17+10:00   e84d8e94c6b308ff2c2f391d2996197d
  production: 2018-06-13T18:50:32+10:00   e84d8e94c6b308ff2c2f391d2996197d
templates/page.sub-collection-electronics.liquid:
  development: 2018-06-13T19:53:17+10:00   412fe5492f49a92216f9e6b812e631b8
  production: 2018-06-13T18:50:32+10:00   412fe5492f49a92216f9e6b812e631b8
templates/page.sub-collection-kitchen.liquid:
  development: 2018-06-13T19:53:18+10:00   a1fc6478bf2699a5f8652c61eba35c11
  production: 2018-06-13T18:50:32+10:00   a1fc6478bf2699a5f8652c61eba35c11
templates/password.liquid:
  development: 2018-06-13T19:53:18+10:00   30d1743d26765ce8c3fa53a3fdf9524f
  production: 2018-06-13T18:50:33+10:00   30d1743d26765ce8c3fa53a3fdf9524f
templates/product.liquid:
  development: 2018-06-13T19:53:18+10:00   104c9411752892755502b61349a31329
  production: 2018-06-13T18:50:33+10:00   104c9411752892755502b61349a31329
templates/search.SEOManagerTags.liquid:
  development: 2018-06-13T19:53:18+10:00   50492ed9246da25cb26e58acf47fa9a3
  production: 2018-06-13T18:50:33+10:00   50492ed9246da25cb26e58acf47fa9a3
templates/search.liquid:
  development: 2018-06-13T19:53:18+10:00   6e8bfd01622f992bf20c908bfb83337d
  production: 2018-06-13T18:50:33+10:00   6e8bfd01622f992bf20c908bfb83337d
